
Microsoft Visual Studio Solution File, Format Version 12.00
# Visual Studio Version 16
VisualStudioVersion = 16.0.31321.278
MinimumVisualStudioVersion = 10.0.40219.1
Project("{FAE04EC0-301F-11D3-BF4B-00C04F79EFBC}") = "Evolucio", "Evolucio\Evolucio.csproj", "{F791594E-89B4-47C4-81C5-4C70B77C8A38}"
EndProject
Global
	GlobalSection(SolutionConfigurationPlatforms) = preSolution
		Debug|Any CPU = Debug|Any CPU
		Release|Any CPU = Release|Any CPU
	EndGlobalSection
	GlobalSection(ProjectConfigurationPlatforms) = postSolution
		{F791594E-89B4-47C4-81C5-4C70B77C8A38}.Debug|Any CPU.ActiveCfg = Debug|Any CPU
		{F791594E-89B4-47C4-81C5-4C70B77C8A38}.Debug|Any CPU.Build.0 = Debug|Any CPU
		{F791594E-89B4-47C4-81C5-4C70B77C8A38}.Release|Any CPU.ActiveCfg = Release|Any CPU
		{F791594E-89B4-47C4-81C5-4C70B77C8A38}.Release|Any CPU.Build.0 = Release|Any CPU
	EndGlobalSection
	GlobalSection(SolutionProperties) = preSolution
		HideSolutionNode = FALSE
	EndGlobalSection
	GlobalSection(ExtensibilityGlobals) = postSolution
		SolutionGuid = {83E7C9A9-7F16-411C-8790-FE45BF1CD565}
	EndGlobalSection
EndGlobal
